// !$*UTF8*$!
{
	archiveVersion = 1;
	classes = {
	};
	objectVersion = 50;
	objects = {

/* Begin PBXBuildFile section */
		08E75695A0767955C452DAE1 /* Pods_PezTagram.framework in Frameworks */ = {isa = PBXBuildFile; fileRef = 30D99267F2A15F212B6B5F9A /* Pods_PezTagram.framework */; };
		4B69E49F85BEEBFD3F92716B /* Pods_PezTagramTests.framework in Frameworks */ = {isa = PBXBuildFile; fileRef = 1142CEB2D309BD21AC46D106 /* Pods_PezTagramTests.framework */; };
		890BAB062E9C1DA4652F78EA /* Pods_PezTagramUITests.framework in Frameworks */ = {isa = PBXBuildFile; fileRef = F929E199434C0580DA9FC600 /* Pods_PezTagramUITests.framework */; };
		C40807D22231B3AB00CAEA94 /* PostScrollViewController.swift in Sources */ = {isa = PBXBuildFile; fileRef = C40807D12231B3AB00CAEA94 /* PostScrollViewController.swift */; };
		C40CAE99222F741A006709CD /* UserPostViewController.swift in Sources */ = {isa = PBXBuildFile; fileRef = C40CAE98222F741A006709CD /* UserPostViewController.swift */; };
		C40D7985222FAA73008D0947 /* ProfilePostsCollectionViewCell.swift in Sources */ = {isa = PBXBuildFile; fileRef = C40D7984222FAA73008D0947 /* ProfilePostsCollectionViewCell.swift */; };
		C40D7987222FBAB8008D0947 /* CommentTableViewCell.swift in Sources */ = {isa = PBXBuildFile; fileRef = C40D7986222FBAB8008D0947 /* CommentTableViewCell.swift */; };
		C40E170D2230B3DD0055BB3C /* PostProfileViewController.swift in Sources */ = {isa = PBXBuildFile; fileRef = C40E170C2230B3DD0055BB3C /* PostProfileViewController.swift */; };
		C40E170F2230DDB60055BB3C /* PostProfileCollectionViewCell.swift in Sources */ = {isa = PBXBuildFile; fileRef = C40E170E2230DDB60055BB3C /* PostProfileCollectionViewCell.swift */; };
		C40E3DAF222A64DC0084060C /* AppDelegate.swift in Sources */ = {isa = PBXBuildFile; fileRef = C40E3DAE222A64DC0084060C /* AppDelegate.swift */; };
		C40E3DB4222A64DC0084060C /* Main.storyboard in Resources */ = {isa = PBXBuildFile; fileRef = C40E3DB2222A64DC0084060C /* Main.storyboard */; };
		C40E3DB6222A64DE0084060C /* Assets.xcassets in Resources */ = {isa = PBXBuildFile; fileRef = C40E3DB5222A64DE0084060C /* Assets.xcassets */; };
		C40E3DB9222A64DE0084060C /* LaunchScreen.storyboard in Resources */ = {isa = PBXBuildFile; fileRef = C40E3DB7222A64DE0084060C /* LaunchScreen.storyboard */; };
		C40E3DC4222A64DE0084060C /* PezTagramTests.swift in Sources */ = {isa = PBXBuildFile; fileRef = C40E3DC3222A64DE0084060C /* PezTagramTests.swift */; };
		C40E3DCF222A64DE0084060C /* PezTagramUITests.swift in Sources */ = {isa = PBXBuildFile; fileRef = C40E3DCE222A64DE0084060C /* PezTagramUITests.swift */; };
		C42D0329222A68A000D4F391 /* FeedViewController.swift in Sources */ = {isa = PBXBuildFile; fileRef = C42D0328222A68A000D4F391 /* FeedViewController.swift */; };
		C42D032B222A68BB00D4F391 /* LoginViewController.swift in Sources */ = {isa = PBXBuildFile; fileRef = C42D032A222A68BB00D4F391 /* LoginViewController.swift */; };
		C42D0333222A6F9300D4F391 /* ProfileViewController.swift in Sources */ = {isa = PBXBuildFile; fileRef = C42D0332222A6F9300D4F391 /* ProfileViewController.swift */; };
		C42D0337222A72A000D4F391 /* PostViewController.swift in Sources */ = {isa = PBXBuildFile; fileRef = C42D0336222A72A000D4F391 /* PostViewController.swift */; };
		C42D033C222A743A00D4F391 /* FeedPostsTableViewCell.swift in Sources */ = {isa = PBXBuildFile; fileRef = C42D033B222A743A00D4F391 /* FeedPostsTableViewCell.swift */; };
		C4FC0215222E372D008EBFBA /* SignUpViewController.swift in Sources */ = {isa = PBXBuildFile; fileRef = C4FC0214222E372D008EBFBA /* SignUpViewController.swift */; };
/* End PBXBuildFile section */

/* Begin PBXContainerItemProxy section */
		C40E3DC0222A64DE0084060C /* PBXContainerItemProxy */ = {
			isa = PBXContainerItemProxy;
			containerPortal = C40E3DA3222A64DC0084060C /* Project object */;
			proxyType = 1;
			remoteGlobalIDString = C40E3DAA222A64DC0084060C;
			remoteInfo = PezTagram;
		};
		C40E3DCB222A64DE0084060C /* PBXContainerItemProxy */ = {
			isa = PBXContainerItemProxy;
			containerPortal = C40E3DA3222A64DC0084060C /* Project object */;
			proxyType = 1;
			remoteGlobalIDString = C40E3DAA222A64DC0084060C;
			remoteInfo = PezTagram;
		};
/* End PBXContainerItemProxy section */

/* Begin PBXFileReference section */
		06999F67CE7468830DDC9C22 /* Pods-PezTagram.debug.xcconfig */ = {isa = PBXFileReference; includeInIndex = 1; lastKnownFileType = text.xcconfig; name = "Pods-PezTagram.debug.xcconfig"; path = "Target Support Files/Pods-PezTagram/Pods-PezTagram.debug.xcconfig"; sourceTree = "<group>"; };
		1142CEB2D309BD21AC46D106 /* Pods_PezTagramTests.framework */ = {isa = PBXFileReference; explicitFileType = wrapper.framework; includeInIndex = 0; path = Pods_PezTagramTests.framework; sourceTree = BUILT_PRODUCTS_DIR; };
		11694A8968CD784E3BF18F1B /* Pods-PezTagram.release.xcconfig */ = {isa = PBXFileReference; includeInIndex = 1; lastKnownFileType = text.xcconfig; name = "Pods-PezTagram.release.xcconfig"; path = "Target Support Files/Pods-PezTagram/Pods-PezTagram.release.xcconfig"; sourceTree = "<group>"; };
		266757CD70392232731B0EC5 /* Pods-PezTagramTests.release.xcconfig */ = {isa = PBXFileReference; includeInIndex = 1; lastKnownFileType = text.xcconfig; name = "Pods-PezTagramTests.release.xcconfig"; path = "Target Support Files/Pods-PezTagramTests/Pods-PezTagramTests.release.xcconfig"; sourceTree = "<group>"; };
		30D99267F2A15F212B6B5F9A /* Pods_PezTagram.framework */ = {isa = PBXFileReference; explicitFileType = wrapper.framework; includeInIndex = 0; path = Pods_PezTagram.framework; sourceTree = BUILT_PRODUCTS_DIR; };
		319C1DFE9D8A5874CC4D965B /* Pods-PezTagramUITests.debug.xcconfig */ = {isa = PBXFileReference; includeInIndex = 1; lastKnownFileType = text.xcconfig; name = "Pods-PezTagramUITests.debug.xcconfig"; path = "Target Support Files/Pods-PezTagramUITests/Pods-PezTagramUITests.debug.xcconfig"; sourceTree = "<group>"; };
		5459D9AA56A35153BF890E0A /* Pods-PezTagramTests.debug.xcconfig */ = {isa = PBXFileReference; includeInIndex = 1; lastKnownFileType = text.xcconfig; name = "Pods-PezTagramTests.debug.xcconfig"; path = "Target Support Files/Pods-PezTagramTests/Pods-PezTagramTests.debug.xcconfig"; sourceTree = "<group>"; };
		C40807D12231B3AB00CAEA94 /* PostScrollViewController.swift */ = {isa = PBXFileReference; lastKnownFileType = sourcecode.swift; path = PostScrollViewController.swift; sourceTree = "<group>"; };
		C40CAE98222F741A006709CD /* UserPostViewController.swift */ = {isa = PBXFileReference; lastKnownFileType = sourcecode.swift; path = UserPostViewController.swift; sourceTree = "<group>"; };
		C40D7984222FAA73008D0947 /* ProfilePostsCollectionViewCell.swift */ = {isa = PBXFileReference; lastKnownFileType = sourcecode.swift; path = ProfilePostsCollectionViewCell.swift; sourceTree = "<group>"; };
		C40D7986222FBAB8008D0947 /* CommentTableViewCell.swift */ = {isa = PBXFileReference; lastKnownFileType = sourcecode.swift; path = CommentTableViewCell.swift; sourceTree = "<group>"; };
		C40E170C2230B3DD0055BB3C /* PostProfileViewController.swift */ = {isa = PBXFileReference; lastKnownFileType = sourcecode.swift; path = PostProfileViewController.swift; sourceTree = "<group>"; };
		C40E170E2230DDB60055BB3C /* PostProfileCollectionViewCell.swift */ = {isa = PBXFileReference; lastKnownFileType = sourcecode.swift; path = PostProfileCollectionViewCell.swift; sourceTree = "<group>"; };
		C40E3DAB222A64DC0084060C /* PezTagram.app */ = {isa = PBXFileReference; explicitFileType = wrapper.application; includeInIndex = 0; path = PezTagram.app; sourceTree = BUILT_PRODUCTS_DIR; };
		C40E3DAE222A64DC0084060C /* AppDelegate.swift */ = {isa = PBXFileReference; lastKnownFileType = sourcecode.swift; path = AppDelegate.swift; sourceTree = "<group>"; };
		C40E3DB3222A64DC0084060C /* Base */ = {isa = PBXFileReference; lastKnownFileType = file.storyboard; name = Base; path = Base.lproj/Main.storyboard; sourceTree = "<group>"; };
		C40E3DB5222A64DE0084060C /* Assets.xcassets */ = {isa = PBXFileReference; lastKnownFileType = folder.assetcatalog; path = Assets.xcassets; sourceTree = "<group>"; };
		C40E3DB8222A64DE0084060C /* Base */ = {isa = PBXFileReference; lastKnownFileType = file.storyboard; name = Base; path = Base.lproj/LaunchScreen.storyboard; sourceTree = "<group>"; };
		C40E3DBA222A64DE0084060C /* Info.plist */ = {isa = PBXFileReference; lastKnownFileType = text.plist.xml; path = Info.plist; sourceTree = "<group>"; };
		C40E3DBF222A64DE0084060C /* PezTagramTests.xctest */ = {isa = PBXFileReference; explicitFileType = wrapper.cfbundle; includeInIndex = 0; path = PezTagramTests.xctest; sourceTree = BUILT_PRODUCTS_DIR; };
		C40E3DC3222A64DE0084060C /* PezTagramTests.swift */ = {isa = PBXFileReference; lastKnownFileType = sourcecode.swift; path = PezTagramTests.swift; sourceTree = "<group>"; };
		C40E3DC5222A64DE0084060C /* Info.plist */ = {isa = PBXFileReference; lastKnownFileType = text.plist.xml; path = Info.plist; sourceTree = "<group>"; };
		C40E3DCA222A64DE0084060C /* PezTagramUITests.xctest */ = {isa = PBXFileReference; explicitFileType = wrapper.cfbundle; includeInIndex = 0; path = PezTagramUITests.xctest; sourceTree = BUILT_PRODUCTS_DIR; };
		C40E3DCE222A64DE0084060C /* PezTagramUITests.swift */ = {isa = PBXFileReference; lastKnownFileType = sourcecode.swift; path = PezTagramUITests.swift; sourceTree = "<group>"; };
		C40E3DD0222A64DE0084060C /* Info.plist */ = {isa = PBXFileReference; lastKnownFileType = text.plist.xml; path = Info.plist; sourceTree = "<group>"; };
		C42D0328222A68A000D4F391 /* FeedViewController.swift */ = {isa = PBXFileReference; lastKnownFileType = sourcecode.swift; path = FeedViewController.swift; sourceTree = "<group>"; };
		C42D032A222A68BB00D4F391 /* LoginViewController.swift */ = {isa = PBXFileReference; lastKnownFileType = sourcecode.swift; path = LoginViewController.swift; sourceTree = "<group>"; };
		C42D0332222A6F9300D4F391 /* ProfileViewController.swift */ = {isa = PBXFileReference; lastKnownFileType = sourcecode.swift; path = ProfileViewController.swift; sourceTree = "<group>"; };
		C42D0336222A72A000D4F391 /* PostViewController.swift */ = {isa = PBXFileReference; lastKnownFileType = sourcecode.swift; path = PostViewController.swift; sourceTree = "<group>"; };
		C42D033B222A743A00D4F391 /* FeedPostsTableViewCell.swift */ = {isa = PBXFileReference; lastKnownFileType = sourcecode.swift; path = FeedPostsTableViewCell.swift; sourceTree = "<group>"; };
		C4FC0214222E372D008EBFBA /* SignUpViewController.swift */ = {isa = PBXFileReference; lastKnownFileType = sourcecode.swift; path = SignUpViewController.swift; sourceTree = "<group>"; };
		E5182370B4AFB9A925C798D4 /* Pods-PezTagramUITests.release.xcconfig */ = {isa = PBXFileReference; includeInIndex = 1; lastKnownFileType = text.xcconfig; name = "Pods-PezTagramUITests.release.xcconfig"; path = "Target Support Files/Pods-PezTagramUITests/Pods-PezTagramUITests.release.xcconfig"; sourceTree = "<group>"; };
		F929E199434C0580DA9FC600 /* Pods_PezTagramUITests.framework */ = {isa = PBXFileReference; explicitFileType = wrapper.framework; includeInIndex = 0; path = Pods_PezTagramUITests.framework; sourceTree = BUILT_PRODUCTS_DIR; };
/* End PBXFileReference section */

/* Begin PBXFrameworksBuildPhase section */
		C40E3DA8222A64DC0084060C /* Frameworks */ = {
			isa = PBXFrameworksBuildPhase;
			buildActionMask = 2147483647;
			files = (
				08E75695A0767955C452DAE1 /* Pods_PezTagram.framework in Frameworks */,
			);
			runOnlyForDeploymentPostprocessing = 0;
		};
		C40E3DBC222A64DE0084060C /* Frameworks */ = {
			isa = PBXFrameworksBuildPhase;
			buildActionMask = 2147483647;
			files = (
				4B69E49F85BEEBFD3F92716B /* Pods_PezTagramTests.framework in Frameworks */,
			);
			runOnlyForDeploymentPostprocessing = 0;
		};
		C40E3DC7222A64DE0084060C /* Frameworks */ = {
			isa = PBXFrameworksBuildPhase;
			buildActionMask = 2147483647;
			files = (
				890BAB062E9C1DA4652F78EA /* Pods_PezTagramUITests.framework in Frameworks */,
			);
			runOnlyForDeploymentPostprocessing = 0;
		};
/* End PBXFrameworksBuildPhase section */

/* Begin PBXGroup section */
		A1124A02A19BB4AE5BFFDD1D /* Pods */ = {
			isa = PBXGroup;
			children = (
				06999F67CE7468830DDC9C22 /* Pods-PezTagram.debug.xcconfig */,
				11694A8968CD784E3BF18F1B /* Pods-PezTagram.release.xcconfig */,
				5459D9AA56A35153BF890E0A /* Pods-PezTagramTests.debug.xcconfig */,
				266757CD70392232731B0EC5 /* Pods-PezTagramTests.release.xcconfig */,
				319C1DFE9D8A5874CC4D965B /* Pods-PezTagramUITests.debug.xcconfig */,
				E5182370B4AFB9A925C798D4 /* Pods-PezTagramUITests.release.xcconfig */,
			);
			path = Pods;
			sourceTree = "<group>";
		};
		C40E17102230DDBD0055BB3C /* Post Profile View */ = {
			isa = PBXGroup;
			children = (
				C40E170C2230B3DD0055BB3C /* PostProfileViewController.swift */,
				C40E170E2230DDB60055BB3C /* PostProfileCollectionViewCell.swift */,
			);
			path = "Post Profile View";
			sourceTree = "<group>";
		};
		C40E3DA2222A64DC0084060C = {
			isa = PBXGroup;
			children = (
				C40E3DAD222A64DC0084060C /* PezTagram */,
				C40E3DC2222A64DE0084060C /* PezTagramTests */,
				C40E3DCD222A64DE0084060C /* PezTagramUITests */,
				C40E3DAC222A64DC0084060C /* Products */,
				A1124A02A19BB4AE5BFFDD1D /* Pods */,
				D30016B42600C98EAA20E18B /* Frameworks */,
			);
			sourceTree = "<group>";
		};
		C40E3DAC222A64DC0084060C /* Products */ = {
			isa = PBXGroup;
			children = (
				C40E3DAB222A64DC0084060C /* PezTagram.app */,
				C40E3DBF222A64DE0084060C /* PezTagramTests.xctest */,
				C40E3DCA222A64DE0084060C /* PezTagramUITests.xctest */,
			);
			name = Products;
			sourceTree = "<group>";
		};
		C40E3DAD222A64DC0084060C /* PezTagram */ = {
			isa = PBXGroup;
			children = (
				C40E3DB2222A64DC0084060C /* Main.storyboard */,
				C4FC0214222E372D008EBFBA /* SignUpViewController.swift */,
				C42D032A222A68BB00D4F391 /* LoginViewController.swift */,
				C40E3DAE222A64DC0084060C /* AppDelegate.swift */,
				C42D033E222A74BC00D4F391 /* Post */,
				C42D033D222A746500D4F391 /* Profile */,
				C42D0338222A73A200D4F391 /* Feed */,
				C40E3DB5222A64DE0084060C /* Assets.xcassets */,
				C40E3DB7222A64DE0084060C /* LaunchScreen.storyboard */,
				C40E3DBA222A64DE0084060C /* Info.plist */,
			);
			path = PezTagram;
			sourceTree = "<group>";
		};
		C40E3DC2222A64DE0084060C /* PezTagramTests */ = {
			isa = PBXGroup;
			children = (
				C40E3DC3222A64DE0084060C /* PezTagramTests.swift */,
				C40E3DC5222A64DE0084060C /* Info.plist */,
			);
			path = PezTagramTests;
			sourceTree = "<group>";
		};
		C40E3DCD222A64DE0084060C /* PezTagramUITests */ = {
			isa = PBXGroup;
			children = (
				C40E3DCE222A64DE0084060C /* PezTagramUITests.swift */,
				C40E3DD0222A64DE0084060C /* Info.plist */,
			);
			path = PezTagramUITests;
			sourceTree = "<group>";
		};
		C42D0338222A73A200D4F391 /* Feed */ = {
			isa = PBXGroup;
			children = (
				C42D0328222A68A000D4F391 /* FeedViewController.swift */,
				C42D033B222A743A00D4F391 /* FeedPostsTableViewCell.swift */,
			);
			path = Feed;
			sourceTree = "<group>";
		};
		C42D033D222A746500D4F391 /* Profile */ = {
			isa = PBXGroup;
			children = (
				C42D0332222A6F9300D4F391 /* ProfileViewController.swift */,
				C40D7984222FAA73008D0947 /* ProfilePostsCollectionViewCell.swift */,
			);
			path = Profile;
			sourceTree = "<group>";
		};
		C42D033E222A74BC00D4F391 /* Post */ = {
			isa = PBXGroup;
			children = (
				C42D0336222A72A000D4F391 /* PostViewController.swift */,
				C40807D12231B3AB00CAEA94 /* PostScrollViewController.swift */,
				C40D7986222FBAB8008D0947 /* CommentTableViewCell.swift */,
				C40CAE98222F741A006709CD /* UserPostViewController.swift */,
				C40E17102230DDBD0055BB3C /* Post Profile View */,
			);
			path = Post;
			sourceTree = "<group>";
		};
		D30016B42600C98EAA20E18B /* Frameworks */ = {
			isa = PBXGroup;
			children = (
				30D99267F2A15F212B6B5F9A /* Pods_PezTagram.framework */,
				1142CEB2D309BD21AC46D106 /* Pods_PezTagramTests.framework */,
				F929E199434C0580DA9FC600 /* Pods_PezTagramUITests.framework */,
			);
			name = Frameworks;
			sourceTree = "<group>";
		};
/* End PBXGroup section */

/* Begin PBXNativeTarget section */
		C40E3DAA222A64DC0084060C /* PezTagram */ = {
			isa = PBXNativeTarget;
			buildConfigurationList = C40E3DD3222A64DE0084060C /* Build configuration list for PBXNativeTarget "PezTagram" */;
			buildPhases = (
				BB707A422760FF70986DFDCA /* [CP] Check Pods Manifest.lock */,
				C40E3DA7222A64DC0084060C /* Sources */,
				C40E3DA8222A64DC0084060C /* Frameworks */,
				C40E3DA9222A64DC0084060C /* Resources */,
				A6710656A16E69E75A946093 /* [CP] Embed Pods Frameworks */,
			);
			buildRules = (
			);
			dependencies = (
			);
			name = PezTagram;
			productName = PezTagram;
			productReference = C40E3DAB222A64DC0084060C /* PezTagram.app */;
			productType = "com.apple.product-type.application";
		};
		C40E3DBE222A64DE0084060C /* PezTagramTests */ = {
			isa = PBXNativeTarget;
			buildConfigurationList = C40E3DD6222A64DE0084060C /* Build configuration list for PBXNativeTarget "PezTagramTests" */;
			buildPhases = (
				CE683B7D4B95ED2BD6CB1702 /* [CP] Check Pods Manifest.lock */,
				C40E3DBB222A64DE0084060C /* Sources */,
				C40E3DBC222A64DE0084060C /* Frameworks */,
				C40E3DBD222A64DE0084060C /* Resources */,
			);
			buildRules = (
			);
			dependencies = (
				C40E3DC1222A64DE0084060C /* PBXTargetDependency */,
			);
			name = PezTagramTests;
			productName = PezTagramTests;
			productReference = C40E3DBF222A64DE0084060C /* PezTagramTests.xctest */;
			productType = "com.apple.product-type.bundle.unit-test";
		};
		C40E3DC9222A64DE0084060C /* PezTagramUITests */ = {
			isa = PBXNativeTarget;
			buildConfigurationList = C40E3DD9222A64DE0084060C /* Build configuration list for PBXNativeTarget "PezTagramUITests" */;
			buildPhases = (
				C90ED7ADCA6060A090519EF6 /* [CP] Check Pods Manifest.lock */,
				C40E3DC6222A64DE0084060C /* Sources */,
				C40E3DC7222A64DE0084060C /* Frameworks */,
				C40E3DC8222A64DE0084060C /* Resources */,
			);
			buildRules = (
			);
			dependencies = (
				C40E3DCC222A64DE0084060C /* PBXTargetDependency */,
			);
			name = PezTagramUITests;
			productName = PezTagramUITests;
			productReference = C40E3DCA222A64DE0084060C /* PezTagramUITests.xctest */;
			productType = "com.apple.product-type.bundle.ui-testing";
		};
/* End PBXNativeTarget section */

/* Begin PBXProject section */
		C40E3DA3222A64DC0084060C /* Project object */ = {
			isa = PBXProject;
			attributes = {
				LastSwiftUpdateCheck = 1010;
				LastUpgradeCheck = 1010;
				ORGANIZATIONNAME = "Julien Calfayan";
				TargetAttributes = {
					C40E3DAA222A64DC0084060C = {
						CreatedOnToolsVersion = 10.1;
					};
					C40E3DBE222A64DE0084060C = {
						CreatedOnToolsVersion = 10.1;
						TestTargetID = C40E3DAA222A64DC0084060C;
					};
					C40E3DC9222A64DE0084060C = {
						CreatedOnToolsVersion = 10.1;
						TestTargetID = C40E3DAA222A64DC0084060C;
					};
				};
			};
			buildConfigurationList = C40E3DA6222A64DC0084060C /* Build configuration list for PBXProject "PezTagram" */;
			compatibilityVersion = "Xcode 9.3";
			developmentRegion = en;
			hasScannedForEncodings = 0;
			knownRegions = (
				en,
				Base,
			);
			mainGroup = C40E3DA2222A64DC0084060C;
			productRefGroup = C40E3DAC222A64DC0084060C /* Products */;
			projectDirPath = "";
			projectRoot = "";
			targets = (
				C40E3DAA222A64DC0084060C /* PezTagram */,
				C40E3DBE222A64DE0084060C /* PezTagramTests */,
				C40E3DC9222A64DE0084060C /* PezTagramUITests */,
			);
		};
/* End PBXProject section */

/* Begin PBXResourcesBuildPhase section */
		C40E3DA9222A64DC0084060C /* Resources */ = {
			isa = PBXResourcesBuildPhase;
			buildActionMask = 2147483647;
			files = (
				C40E3DB9222A64DE0084060C /* LaunchScreen.storyboard in Resources */,
				C40E3DB6222A64DE0084060C /* Assets.xcassets in Resources */,
				C40E3DB4222A64DC0084060C /* Main.storyboard in Resources */,
			);
			runOnlyForDeploymentPostprocessing = 0;
		};
		C40E3DBD222A64DE0084060C /* Resources */ = {
			isa = PBXResourcesBuildPhase;
			buildActionMask = 2147483647;
			files = (
			);
			runOnlyForDeploymentPostprocessing = 0;
		};
		C40E3DC8222A64DE0084060C /* Resources */ = {
			isa = PBXResourcesBuildPhase;
			buildActionMask = 2147483647;
			files = (
			);
			runOnlyForDeploymentPostprocessing = 0;
		};
/* End PBXResourcesBuildPhase section */

/* Begin PBXShellScriptBuildPhase section */
		A6710656A16E69E75A946093 /* [CP] Embed Pods Frameworks */ = {
			isa = PBXShellScriptBuildPhase;
			buildActionMask = 2147483647;
			files = (
			);
			inputFileListPaths = (
			);
			inputPaths = (
				"${PODS_ROOT}/Target Support Files/Pods-PezTagram/Pods-PezTagram-frameworks.sh",
				"${BUILT_PRODUCTS_DIR}/Alamofire/Alamofire.framework",
				"${BUILT_PRODUCTS_DIR}/AlamofireImage/AlamofireImage.framework",
				"${BUILT_PRODUCTS_DIR}/Bolts/Bolts.framework",
				"${BUILT_PRODUCTS_DIR}/MessageInputBar/MessageInputBar.framework",
				"${BUILT_PRODUCTS_DIR}/Parse/Parse.framework",
			);
			name = "[CP] Embed Pods Frameworks";
			outputFileListPaths = (
			);
			outputPaths = (
				"${TARGET_BUILD_DIR}/${FRAMEWORKS_FOLDER_PATH}/Alamofire.framework",
				"${TARGET_BUILD_DIR}/${FRAMEWORKS_FOLDER_PATH}/AlamofireImage.framework",
				"${TARGET_BUILD_DIR}/${FRAMEWORKS_FOLDER_PATH}/Bolts.framework",
				"${TARGET_BUILD_DIR}/${FRAMEWORKS_FOLDER_PATH}/MessageInputBar.framework",
				"${TARGET_BUILD_DIR}/${FRAMEWORKS_FOLDER_PATH}/Parse.framework",
			);
			runOnlyForDeploymentPostprocessing = 0;
			shellPath = /bin/sh;
			shellScript = "\"${PODS_ROOT}/Target Support Files/Pods-PezTagram/Pods-PezTagram-frameworks.sh\"\n";
			showEnvVarsInLog = 0;
		};
		BB707A422760FF70986DFDCA /* [CP] Check Pods Manifest.lock */ = {
			isa = PBXShellScriptBuildPhase;
			buildActionMask = 2147483647;
			files = (
			);
			inputFileListPaths = (
			);
			inputPaths = (
				"${PODS_PODFILE_DIR_PATH}/Podfile.lock",
				"${PODS_ROOT}/Manifest.lock",
			);
			name = "[CP] Check Pods Manifest.lock";
			outputFileListPaths = (
			);
			outputPaths = (
				"$(DERIVED_FILE_DIR)/Pods-PezTagram-checkManifestLockResult.txt",
			);
			runOnlyForDeploymentPostprocessing = 0;
			shellPath = /bin/sh;
			shellScript = "diff \"${PODS_PODFILE_DIR_PATH}/Podfile.lock\" \"${PODS_ROOT}/Manifest.lock\" > /dev/null\nif [ $? != 0 ] ; then\n    # print error to STDERR\n    echo \"error: The sandbox is not in sync with the Podfile.lock. Run 'pod install' or update your CocoaPods installation.\" >&2\n    exit 1\nfi\n# This output is used by Xcode 'outputs' to avoid re-running this script phase.\necho \"SUCCESS\" > \"${SCRIPT_OUTPUT_FILE_0}\"\n";
			showEnvVarsInLog = 0;
		};
		C90ED7ADCA6060A090519EF6 /* [CP] Check Pods Manifest.lock */ = {
			isa = PBXShellScriptBuildPhase;
			buildActionMask = 2147483647;
			files = (
			);
			inputFileListPaths = (
			);
			inputPaths = (
				"${PODS_PODFILE_DIR_PATH}/Podfile.lock",
				"${PODS_ROOT}/Manifest.lock",
			);
			name = "[CP] Check Pods Manifest.lock";
			outputFileListPaths = (
			);
			outputPaths = (
				"$(DERIVED_FILE_DIR)/Pods-PezTagramUITests-checkManifestLockResult.txt",
			);
			runOnlyForDeploymentPostprocessing = 0;
			shellPath = /bin/sh;
			shellScript = "diff \"${PODS_PODFILE_DIR_PATH}/Podfile.lock\" \"${PODS_ROOT}/Manifest.lock\" > /dev/null\nif [ $? != 0 ] ; then\n    # print error to STDERR\n    echo \"error: The sandbox is not in sync with the Podfile.lock. Run 'pod install' or update your CocoaPods installation.\" >&2\n    exit 1\nfi\n# This output is used by Xcode 'outputs' to avoid re-running this script phase.\necho \"SUCCESS\" > \"${SCRIPT_OUTPUT_FILE_0}\"\n";
			showEnvVarsInLog = 0;
		};
		CE683B7D4B95ED2BD6CB1702 /* [CP] Check Pods Manifest.lock */ = {
			isa = PBXShellScriptBuildPhase;
			buildActionMask = 2147483647;
			files = (
			);
			inputFileListPaths = (
			);
			inputPaths = (
				"${PODS_PODFILE_DIR_PATH}/Podfile.lock",
				"${PODS_ROOT}/Manifest.lock",
			);
			name = "[CP] Check Pods Manifest.lock";
			outputFileListPaths = (
			);
			outputPaths = (
				"$(DERIVED_FILE_DIR)/Pods-PezTagramTests-checkManifestLockResult.txt",
			);
			runOnlyForDeploymentPostprocessing = 0;
			shellPath = /bin/sh;
			shellScript = "diff \"${PODS_PODFILE_DIR_PATH}/Podfile.lock\" \"${PODS_ROOT}/Manifest.lock\" > /dev/null\nif [ $? != 0 ] ; then\n    # print error to STDERR\n    echo \"error: The sandbox is not in sync with the Podfile.lock. Run 'pod install' or update your CocoaPods installation.\" >&2\n    exit 1\nfi\n# This output is used by Xcode 'outputs' to avoid re-running this script phase.\necho \"SUCCESS\" > \"${SCRIPT_OUTPUT_FILE_0}\"\n";
			showEnvVarsInLog = 0;
		};
/* End PBXShellScriptBuildPhase section */

/* Begin PBXSourcesBuildPhase section */
		C40E3DA7222A64DC0084060C /* Sources */ = {
			isa = PBXSourcesBuildPhase;
			buildActionMask = 2147483647;
			files = (
				C4FC0215222E372D008EBFBA /* SignUpViewController.swift in Sources */,
				C42D0337222A72A000D4F391 /* PostViewController.swift in Sources */,
				C42D0333222A6F9300D4F391 /* ProfileViewController.swift in Sources */,
				C40E170D2230B3DD0055BB3C /* PostProfileViewController.swift in Sources */,
				C42D032B222A68BB00D4F391 /* LoginViewController.swift in Sources */,
				C40D7985222FAA73008D0947 /* ProfilePostsCollectionViewCell.swift in Sources */,
				C42D0329222A68A000D4F391 /* FeedViewController.swift in Sources */,
				C40D7987222FBAB8008D0947 /* CommentTableViewCell.swift in Sources */,
				C40807D22231B3AB00CAEA94 /* PostScrollViewController.swift in Sources */,
				C40E170F2230DDB60055BB3C /* PostProfileCollectionViewCell.swift in Sources */,
				C40E3DAF222A64DC0084060C /* AppDelegate.swift in Sources */,
				C42D033C222A743A00D4F391 /* FeedPostsTableViewCell.swift in Sources */,
				C40CAE99222F741A006709CD /* UserPostViewController.swift in Sources */,
			);
			runOnlyForDeploymentPostprocessing = 0;
		};
		C40E3DBB222A64DE0084060C /* Sources */ = {
			isa = PBXSourcesBuildPhase;
			buildActionMask = 2147483647;
			files = (
				C40E3DC4222A64DE0084060C /* PezTagramTests.swift in Sources */,
			);
			runOnlyForDeploymentPostprocessing = 0;
		};
		C40E3DC6222A64DE0084060C /* Sources */ = {
			isa = PBXSourcesBuildPhase;
			buildActionMask = 2147483647;
			files = (
				C40E3DCF222A64DE0084060C /* PezTagramUITests.swift in Sources */,
			);
			runOnlyForDeploymentPostprocessing = 0;
		};
/* End PBXSourcesBuildPhase section */

/* Begin PBXTargetDependency section */
		C40E3DC1222A64DE0084060C /* PBXTargetDependency */ = {
			isa = PBXTargetDependency;
			target = C40E3DAA222A64DC0084060C /* PezTagram */;
			targetProxy = C40E3DC0222A64DE0084060C /* PBXContainerItemProxy */;
		};
		C40E3DCC222A64DE0084060C /* PBXTargetDependency */ = {
			isa = PBXTargetDependency;
			target = C40E3DAA222A64DC0084060C /* PezTagram */;
			targetProxy = C40E3DCB222A64DE0084060C /* PBXContainerItemProxy */;
		};
/* End PBXTargetDependency section */

/* Begin PBXVariantGroup section */
		C40E3DB2222A64DC0084060C /* Main.storyboard */ = {
			isa = PBXVariantGroup;
			children = (
				C40E3DB3222A64DC0084060C /* Base */,
			);
			name = Main.storyboard;
			sourceTree = "<group>";
		};
		C40E3DB7222A64DE0084060C /* LaunchScreen.storyboard */ = {
			isa = PBXVariantGroup;
			children = (
				C40E3DB8222A64DE0084060C /* Base */,
			);
			name = LaunchScreen.storyboard;
			sourceTree = "<group>";
		};
/* End PBXVariantGroup section */

/* Begin XCBuildConfiguration section */
		C40E3DD1222A64DE0084060C /* Debug */ = {
			isa = XCBuildConfiguration;
			buildSettings = {
				ALWAYS_SEARCH_USER_PATHS = NO;
				CLANG_ANALYZER_NONNULL = YES;
				CLANG_ANALYZER_NUMBER_OBJECT_CONVERSION = YES_AGGRESSIVE;
				CLANG_CXX_LANGUAGE_STANDARD = "gnu++14";
				CLANG_CXX_LIBRARY = "libc++";
				CLANG_ENABLE_MODULES = YES;
				CLANG_ENABLE_OBJC_ARC = YES;
				CLANG_ENABLE_OBJC_WEAK = YES;
				CLANG_WARN_BLOCK_CAPTURE_AUTORELEASING = YES;
				CLANG_WARN_BOOL_CONVERSION = YES;
				CLANG_WARN_COMMA = YES;
				CLANG_WARN_CONSTANT_CONVERSION = YES;
				CLANG_WARN_DEPRECATED_OBJC_IMPLEMENTATIONS = YES;
				CLANG_WARN_DIRECT_OBJC_ISA_USAGE = YES_ERROR;
				CLANG_WARN_DOCUMENTATION_COMMENTS = YES;
				CLANG_WARN_EMPTY_BODY = YES;
				CLANG_WARN_ENUM_CONVERSION = YES;
				CLANG_WARN_INFINITE_RECURSION = YES;
				CLANG_WARN_INT_CONVERSION = YES;
				CLANG_WARN_NON_LITERAL_NULL_CONVERSION = YES;
				CLANG_WARN_OBJC_IMPLICIT_RETAIN_SELF = YES;
				CLANG_WARN_OBJC_LITERAL_CONVERSION = YES;
				CLANG_WARN_OBJC_ROOT_CLASS = YES_ERROR;
				CLANG_WARN_RANGE_LOOP_ANALYSIS = YES;
				CLANG_WARN_STRICT_PROTOTYPES = YES;
				CLANG_WARN_SUSPICIOUS_MOVE = YES;
				CLANG_WARN_UNGUARDED_AVAILABILITY = YES_AGGRESSIVE;
				CLANG_WARN_UNREACHABLE_CODE = YES;
				CLANG_WARN__DUPLICATE_METHOD_MATCH = YES;
				CODE_SIGN_IDENTITY = "iPhone Developer";
				COPY_PHASE_STRIP = NO;
				DEBUG_INFORMATION_FORMAT = dwarf;
				ENABLE_STRICT_OBJC_MSGSEND = YES;
				ENABLE_TESTABILITY = YES;
				GCC_C_LANGUAGE_STANDARD = gnu11;
				GCC_DYNAMIC_NO_PIC = NO;
				GCC_NO_COMMON_BLOCKS = YES;
				GCC_OPTIMIZATION_LEVEL = 0;
				GCC_PREPROCESSOR_DEFINITIONS = (
					"DEBUG=1",
					"$(inherited)",
				);
				GCC_WARN_64_TO_32_BIT_CONVERSION = YES;
				GCC_WARN_ABOUT_RETURN_TYPE = YES_ERROR;
				GCC_WARN_UNDECLARED_SELECTOR = YES;
				GCC_WARN_UNINITIALIZED_AUTOS = YES_AGGRESSIVE;
				GCC_WARN_UNUSED_FUNCTION = YES;
				GCC_WARN_UNUSED_VARIABLE = YES;
				IPHONEOS_DEPLOYMENT_TARGET = 12.1;
				MTL_ENABLE_DEBUG_INFO = INCLUDE_SOURCE;
				MTL_FAST_MATH = YES;
				ONLY_ACTIVE_ARCH = YES;
				SDKROOT = iphoneos;
				SWIFT_ACTIVE_COMPILATION_CONDITIONS = DEBUG;
				SWIFT_OPTIMIZATION_LEVEL = "-Onone";
			};
			name = Debug;
		};
		C40E3DD2222A64DE0084060C /* Release */ = {
			isa = XCBuildConfiguration;
			buildSettings = {
				ALWAYS_SEARCH_USER_PATHS = NO;
				CLANG_ANALYZER_NONNULL = YES;
				CLANG_ANALYZER_NUMBER_OBJECT_CONVERSION = YES_AGGRESSIVE;
				CLANG_CXX_LANGUAGE_STANDARD = "gnu++14";
				CLANG_CXX_LIBRARY = "libc++";
				CLANG_ENABLE_MODULES = YES;
				CLANG_ENABLE_OBJC_ARC = YES;
				CLANG_ENABLE_OBJC_WEAK = YES;
				CLANG_WARN_BLOCK_CAPTURE_AUTORELEASING = YES;
				CLANG_WARN_BOOL_CONVERSION = YES;
				CLANG_WARN_COMMA = YES;
				CLANG_WARN_CONSTANT_CONVERSION = YES;
				CLANG_WARN_DEPRECATED_OBJC_IMPLEMENTATIONS = YES;
				CLANG_WARN_DIRECT_OBJC_ISA_USAGE = YES_ERROR;
				CLANG_WARN_DOCUMENTATION_COMMENTS = YES;
				CLANG_WARN_EMPTY_BODY = YES;
				CLANG_WARN_ENUM_CONVERSION = YES;
				CLANG_WARN_INFINITE_RECURSION = YES;
				CLANG_WARN_INT_CONVERSION = YES;
				CLANG_WARN_NON_LITERAL_NULL_CONVERSION = YES;
				CLANG_WARN_OBJC_IMPLICIT_RETAIN_SELF = YES;
				CLANG_WARN_OBJC_LITERAL_CONVERSION = YES;
				CLANG_WARN_OBJC_ROOT_CLASS = YES_ERROR;
				CLANG_WARN_RANGE_LOOP_ANALYSIS = YES;
				CLANG_WARN_STRICT_PROTOTYPES = YES;
				CLANG_WARN_SUSPICIOUS_MOVE = YES;
				CLANG_WARN_UNGUARDED_AVAILABILITY = YES_AGGRESSIVE;
				CLANG_WARN_UNREACHABLE_CODE = YES;
				CLANG_WARN__DUPLICATE_METHOD_MATCH = YES;
				CODE_SIGN_IDENTITY = "iPhone Developer";
				COPY_PHASE_STRIP = NO;
				DEBUG_INFORMATION_FORMAT = "dwarf-with-dsym";
				ENABLE_NS_ASSERTIONS = NO;
				ENABLE_STRICT_OBJC_MSGSEND = YES;
				GCC_C_LANGUAGE_STANDARD = gnu11;
				GCC_NO_COMMON_BLOCKS = YES;
				GCC_WARN_64_TO_32_BIT_CONVERSION = YES;
				GCC_WARN_ABOUT_RETURN_TYPE = YES_ERROR;
				GCC_WARN_UNDECLARED_SELECTOR = YES;
				GCC_WARN_UNINITIALIZED_AUTOS = YES_AGGRESSIVE;
				GCC_WARN_UNUSED_FUNCTION = YES;
				GCC_WARN_UNUSED_VARIABLE = YES;
				IPHONEOS_DEPLOYMENT_TARGET = 12.1;
				MTL_ENABLE_DEBUG_INFO = NO;
				MTL_FAST_MATH = YES;
				SDKROOT = iphoneos;
				SWIFT_COMPILATION_MODE = wholemodule;
				SWIFT_OPTIMIZATION_LEVEL = "-O";
				VALIDATE_PRODUCT = YES;
			};
			name = Release;
		};
		C40E3DD4222A64DE0084060C /* Debug */ = {
			isa = XCBuildConfiguration;
			baseConfigurationReference = 06999F67CE7468830DDC9C22 /* Pods-PezTagram.debug.xcconfig */;
			buildSettings = {
				ASSETCATALOG_COMPILER_APPICON_NAME = AppIcon;
				CODE_SIGN_STYLE = Automatic;
				DEVELOPMENT_TEAM = KLWZ722TCU;
				INFOPLIST_FILE = PezTagram/Info.plist;
				IPHONEOS_DEPLOYMENT_TARGET = 11.3;
				LD_RUNPATH_SEARCH_PATHS = (
					"$(inherited)",
					"@executable_path/Frameworks",
				);
				PRODUCT_BUNDLE_IDENTIFIER = Pez.PezTagram;
				PRODUCT_NAME = "$(TARGET_NAME)";
				SWIFT_VERSION = 4.2;
				TARGETED_DEVICE_FAMILY = "1,2";
			};
			name = Debug;
		};
		C40E3DD5222A64DE0084060C /* Release */ = {
			isa = XCBuildConfiguration;
			baseConfigurationReference = 11694A8968CD784E3BF18F1B /* Pods-PezTagram.release.xcconfig */;
			buildSettings = {
				ASSETCATALOG_COMPILER_APPICON_NAME = AppIcon;
				CODE_SIGN_STYLE = Automatic;
				DEVELOPMENT_TEAM = KLWZ722TCU;
				INFOPLIST_FILE = PezTagram/Info.plist;
				IPHONEOS_DEPLOYMENT_TARGET = 11.3;
				LD_RUNPATH_SEARCH_PATHS = (
					"$(inherited)",
					"@executable_path/Frameworks",
				);
				PRODUCT_BUNDLE_IDENTIFIER = Pez.PezTagram;
				PRODUCT_NAME = "$(TARGET_NAME)";
				SWIFT_VERSION = 4.2;
				TARGETED_DEVICE_FAMILY = "1,2";
			};
			name = Release;
		};
		C40E3DD7222A64DE0084060C /* Debug */ = {
			isa = XCBuildConfiguration;
			baseConfigurationReference = 5459D9AA56A35153BF890E0A /* Pods-PezTagramTests.debug.xcconfig */;
			buildSettings = {
				ALWAYS_EMBED_SWIFT_STANDARD_LIBRARIES = YES;
				BUNDLE_LOADER = "$(TEST_HOST)";
				CODE_SIGN_STYLE = Automatic;
				DEVELOPMENT_TEAM = KLWZ722TCU;
				INFOPLIST_FILE = PezTagramTests/Info.plist;
				LD_RUNPATH_SEARCH_PATHS = (
					"$(inherited)",
					"@executable_path/Frameworks",
					"@loader_path/Frameworks",
				);
				PRODUCT_BUNDLE_IDENTIFIER = Pez.PezTagramTests;
				PRODUCT_NAME = "$(TARGET_NAME)";
				SWIFT_VERSION = 4.2;
				TARGETED_DEVICE_FAMILY = "1,2";
				TEST_HOST = "$(BUILT_PRODUCTS_DIR)/PezTagram.app/PezTagram";
			};
			name = Debug;
		};
		C40E3DD8222A64DE0084060C /* Release */ = {
			isa = XCBuildConfiguration;
			baseConfigurationReference = 266757CD70392232731B0EC5 /* Pods-PezTagramTests.release.xcconfig */;
			buildSettings = {
				ALWAYS_EMBED_SWIFT_STANDARD_LIBRARIES = YES;
				BUNDLE_LOADER = "$(TEST_HOST)";
				CODE_SIGN_STYLE = Automatic;
				DEVELOPMENT_TEAM = KLWZ722TCU;
				INFOPLIST_FILE = PezTagramTests/Info.plist;
				LD_RUNPATH_SEARCH_PATHS = (
					"$(inherited)",
					"@executable_path/Frameworks",
					"@loader_path/Frameworks",
				);
				PRODUCT_BUNDLE_IDENTIFIER = Pez.PezTagramTests;
				PRODUCT_NAME = "$(TARGET_NAME)";
				SWIFT_VERSION = 4.2;
				TARGETED_DEVICE_FAMILY = "1,2";
				TEST_HOST = "$(BUILT_PRODUCTS_DIR)/PezTagram.app/PezTagram";
			};
			name = Release;
		};
		C40E3DDA222A64DE0084060C /* Debug */ = {
			isa = XCBuildConfiguration;
			baseConfigurationReference = 319C1DFE9D8A5874CC4D965B /* Pods-PezTagramUITests.debug.xcconfig */;
			buildSettings = {
				ALWAYS_EMBED_SWIFT_STANDARD_LIBRARIES = YES;
				CODE_SIGN_STYLE = Automatic;
				DEVELOPMENT_TEAM = KLWZ722TCU;
				INFOPLIST_FILE = PezTagramUITests/Info.plist;
				LD_RUNPATH_SEARCH_PATHS = (
					"$(inherited)",
					"@executable_path/Frameworks",
					"@loader_path/Frameworks",
				);
				PRODUCT_BUNDLE_IDENTIFIER = Pez.PezTagramUITests;
				PRODUCT_NAME = "$(TARGET_NAME)";
				SWIFT_VERSION = 4.2;
				TARGETED_DEVICE_FAMILY = "1,2";
				TEST_TARGET_NAME = PezTagram;
			};
			name = Debug;
		};
		C40E3DDB222A64DE0084060C /* Release */ = {
			isa = XCBuildConfiguration;
			baseConfigurationReference = E5182370B4AFB9A925C798D4 /* Pods-PezTagramUITests.release.xcconfig */;
			buildSettings = {
				ALWAYS_EMBED_SWIFT_STANDARD_LIBRARIES = YES;
				CODE_SIGN_STYLE = Automatic;
				DEVELOPMENT_TEAM = KLWZ722TCU;
				INFOPLIST_FILE = PezTagramUITests/Info.plist;
				LD_RUNPATH_SEARCH_PATHS = (
					"$(inherited)",
					"@executable_path/Frameworks",
					"@loader_path/Frameworks",
				);
				PRODUCT_BUNDLE_IDENTIFIER = Pez.PezTagramUITests;
				PRODUCT_NAME = "$(TARGET_NAME)";
				SWIFT_VERSION = 4.2;
				TARGETED_DEVICE_FAMILY = "1,2";
				TEST_TARGET_NAME = PezTagram;
			};
			name = Release;
		};
/* End XCBuildConfiguration section */

/* Begin XCConfigurationList section */
		C40E3DA6222A64DC0084060C /* Build configuration list for PBXProject "PezTagram" */ = {
			isa = XCConfigurationList;
			buildConfigurations = (
				C40E3DD1222A64DE0084060C /* Debug */,
				C40E3DD2222A64DE0084060C /* Release */,
			);
			defaultConfigurationIsVisible = 0;
			defaultConfigurationName = Release;
		};
		C40E3DD3222A64DE0084060C /* Build configuration list for PBXNativeTarget "PezTagram" */ = {
			isa = XCConfigurationList;
			buildConfigurations = (
				C40E3DD4222A64DE0084060C /* Debug */,
				C40E3DD5222A64DE0084060C /* Release */,
			);
			defaultConfigurationIsVisible = 0;
			defaultConfigurationName = Release;
		};
		C40E3DD6222A64DE0084060C /* Build configuration list for PBXNativeTarget "PezTagramTests" */ = {
			isa = XCConfigurationList;
			buildConfigurations = (
				C40E3DD7222A64DE0084060C /* Debug */,
				C40E3DD8222A64DE0084060C /* Release */,
			);
			defaultConfigurationIsVisible = 0;
			defaultConfigurationName = Release;
		};
		C40E3DD9222A64DE0084060C /* Build configuration list for PBXNativeTarget "PezTagramUITests" */ = {
			isa = XCConfigurationList;
			buildConfigurations = (
				C40E3DDA222A64DE0084060C /* Debug */,
				C40E3DDB222A64DE0084060C /* Release */,
			);
			defaultConfigurationIsVisible = 0;
			defaultConfigurationName = Release;
		};
/* End XCConfigurationList section */
	};
	rootObject = C40E3DA3222A64DC0084060C /* Project object */;
}
